
Microsoft Visual Studio Solution File, Format Version 12.00
Project("{2150E333-8FDC-42A3-9474-1A3956D46DE8}") = "src", "src", "{8EE76FDE-9ECA-4675-8AC3-BE080542C4B7}"
EndProject
Project("{FAE04EC0-301F-11D3-BF4B-00C04F79EFBC}") = "EventHub.Api", "src\EventHub.Api\EventHub.Api.csproj", "{07635563-ED51-426A-9442-09718E36DEB3}"
EndProject
Project("{2150E333-8FDC-42A3-9474-1A3956D46DE8}") = "Solution Items", "Solution Items", "{D81E9C74-1B87-4FA2-BE90-47E25ED1558B}"
	ProjectSection(SolutionItems) = preProject
		docker-compose.yml = docker-compose.yml
	EndProjectSection
EndProject
Project("{FAE04EC0-301F-11D3-BF4B-00C04F79EFBC}") = "EventHub.Application", "src\EventHub.Application\EventHub.Application.csproj", "{D05E0110-7E41-4284-ACE0-E537803C552E}"
EndProject
Project("{FAE04EC0-301F-11D3-BF4B-00C04F79EFBC}") = "EventHub.Core", "src\EventHub.Core\EventHub.Core.csproj", "{282B7566-8DDD-4FFF-8928-94E10152C07E}"
EndProject
Project("{FAE04EC0-301F-11D3-BF4B-00C04F79EFBC}") = "EventHub.Infrastructure", "src\EventHub.Infrastructure\EventHub.Infrastructure.csproj", "{4464B834-A837-4980-BF9E-E4C860B504ED}"
EndProject
Project("{2150E333-8FDC-42A3-9474-1A3956D46DE8}") = "tests", "tests", "{58A7BBA2-1659-48B6-A98B-BD34B81FBD16}"
EndProject
Project("{2150E333-8FDC-42A3-9474-1A3956D46DE8}") = "EventHub.UnitTests", "EventHub.UnitTests", "{AA6F0E1E-CC69-4EDF-B11F-37E7CC2313AA}"
EndProject
Project("{2150E333-8FDC-42A3-9474-1A3956D46DE8}") = "EventHub.IntegrationTests", "EventHub.IntegrationTests", "{A770FAE9-1AF9-4748-B100-301962937257}"
EndProject
Project("{FAE04EC0-301F-11D3-BF4B-00C04F79EFBC}") = "EventHub.Application.Tests", "tests\UnitTests\EventHub.Application.Tests\EventHub.Application.Tests.csproj", "{EC488471-4032-43F3-8137-2DEDEB277BE0}"
EndProject
Project("{FAE04EC0-301F-11D3-BF4B-00C04F79EFBC}") = "EventHub.Core.Tests", "tests\UnitTests\EventHub.Core.Tests\EventHub.Core.Tests.csproj", "{3BCB90D2-6806-4A2B-9783-0888076F0210}"
EndProject
Project("{2150E333-8FDC-42A3-9474-1A3956D46DE8}") = "EventHub.ArchitectureTests", "EventHub.ArchitectureTests", "{9A9F3022-CBDC-431A-A660-A527F1F4A905}"
EndProject
Project("{FAE04EC0-301F-11D3-BF4B-00C04F79EFBC}") = "ArchitectureTests", "tests\ArchitectureTests\ArchitectureTests.csproj", "{FE33BDF0-1E4C-44FB-A59F-4B96BF17613D}"
EndProject
Global
	GlobalSection(SolutionConfigurationPlatforms) = preSolution
		Debug|Any CPU = Debug|Any CPU
		Release|Any CPU = Release|Any CPU
	EndGlobalSection
	GlobalSection(NestedProjects) = preSolution
		{07635563-ED51-426A-9442-09718E36DEB3} = {8EE76FDE-9ECA-4675-8AC3-BE080542C4B7}
		{D05E0110-7E41-4284-ACE0-E537803C552E} = {8EE76FDE-9ECA-4675-8AC3-BE080542C4B7}
		{282B7566-8DDD-4FFF-8928-94E10152C07E} = {8EE76FDE-9ECA-4675-8AC3-BE080542C4B7}
		{4464B834-A837-4980-BF9E-E4C860B504ED} = {8EE76FDE-9ECA-4675-8AC3-BE080542C4B7}
		{AA6F0E1E-CC69-4EDF-B11F-37E7CC2313AA} = {58A7BBA2-1659-48B6-A98B-BD34B81FBD16}
		{A770FAE9-1AF9-4748-B100-301962937257} = {58A7BBA2-1659-48B6-A98B-BD34B81FBD16}
		{EC488471-4032-43F3-8137-2DEDEB277BE0} = {AA6F0E1E-CC69-4EDF-B11F-37E7CC2313AA}
		{3BCB90D2-6806-4A2B-9783-0888076F0210} = {AA6F0E1E-CC69-4EDF-B11F-37E7CC2313AA}
		{9A9F3022-CBDC-431A-A660-A527F1F4A905} = {58A7BBA2-1659-48B6-A98B-BD34B81FBD16}
		{FE33BDF0-1E4C-44FB-A59F-4B96BF17613D} = {9A9F3022-CBDC-431A-A660-A527F1F4A905}
	EndGlobalSection
	GlobalSection(ProjectConfigurationPlatforms) = postSolution
		{07635563-ED51-426A-9442-09718E36DEB3}.Debug|Any CPU.ActiveCfg = Debug|Any CPU
		{07635563-ED51-426A-9442-09718E36DEB3}.Debug|Any CPU.Build.0 = Debug|Any CPU
		{07635563-ED51-426A-9442-09718E36DEB3}.Release|Any CPU.ActiveCfg = Release|Any CPU
		{07635563-ED51-426A-9442-09718E36DEB3}.Release|Any CPU.Build.0 = Release|Any CPU
		{D05E0110-7E41-4284-ACE0-E537803C552E}.Debug|Any CPU.ActiveCfg = Debug|Any CPU
		{D05E0110-7E41-4284-ACE0-E537803C552E}.Debug|Any CPU.Build.0 = Debug|Any CPU
		{D05E0110-7E41-4284-ACE0-E537803C552E}.Release|Any CPU.ActiveCfg = Release|Any CPU
		{D05E0110-7E41-4284-ACE0-E537803C552E}.Release|Any CPU.Build.0 = Release|Any CPU
		{282B7566-8DDD-4FFF-8928-94E10152C07E}.Debug|Any CPU.ActiveCfg = Debug|Any CPU
		{282B7566-8DDD-4FFF-8928-94E10152C07E}.Debug|Any CPU.Build.0 = Debug|Any CPU
		{282B7566-8DDD-4FFF-8928-94E10152C07E}.Release|Any CPU.ActiveCfg = Release|Any CPU
		{282B7566-8DDD-4FFF-8928-94E10152C07E}.Release|Any CPU.Build.0 = Release|Any CPU
		{4464B834-A837-4980-BF9E-E4C860B504ED}.Debug|Any CPU.ActiveCfg = Debug|Any CPU
		{4464B834-A837-4980-BF9E-E4C860B504ED}.Debug|Any CPU.Build.0 = Debug|Any CPU
		{4464B834-A837-4980-BF9E-E4C860B504ED}.Release|Any CPU.ActiveCfg = Release|Any CPU
		{4464B834-A837-4980-BF9E-E4C860B504ED}.Release|Any CPU.Build.0 = Release|Any CPU
		{EC488471-4032-43F3-8137-2DEDEB277BE0}.Debug|Any CPU.ActiveCfg = Debug|Any CPU
		{EC488471-4032-43F3-8137-2DEDEB277BE0}.Debug|Any CPU.Build.0 = Debug|Any CPU
		{EC488471-4032-43F3-8137-2DEDEB277BE0}.Release|Any CPU.ActiveCfg = Release|Any CPU
		{EC488471-4032-43F3-8137-2DEDEB277BE0}.Release|Any CPU.Build.0 = Release|Any CPU
		{3BCB90D2-6806-4A2B-9783-0888076F0210}.Debug|Any CPU.ActiveCfg = Debug|Any CPU
		{3BCB90D2-6806-4A2B-9783-0888076F0210}.Debug|Any CPU.Build.0 = Debug|Any CPU
		{3BCB90D2-6806-4A2B-9783-0888076F0210}.Release|Any CPU.ActiveCfg = Release|Any CPU
		{3BCB90D2-6806-4A2B-9783-0888076F0210}.Release|Any CPU.Build.0 = Release|Any CPU
		{FE33BDF0-1E4C-44FB-A59F-4B96BF17613D}.Debug|Any CPU.ActiveCfg = Debug|Any CPU
		{FE33BDF0-1E4C-44FB-A59F-4B96BF17613D}.Debug|Any CPU.Build.0 = Debug|Any CPU
		{FE33BDF0-1E4C-44FB-A59F-4B96BF17613D}.Release|Any CPU.ActiveCfg = Release|Any CPU
		{FE33BDF0-1E4C-44FB-A59F-4B96BF17613D}.Release|Any CPU.Build.0 = Release|Any CPU
	EndGlobalSection
EndGlobal
